{
  "nodes": {
    "adf": {
      "flake": false,
      "locked": {
        "lastModified": 1774857134,
        "narHash": "sha256-KmyNxE6oNYitoIBYlYhbxnUtSxqQqdzZkMLiBNkCbdU=",
        "owner": "yaitskov",
        "repo": "add-dependent-file",
        "rev": "d49bb4f405237cf0f3d4bf1168b62aa73ffab5b2",
        "type": "github"
      },
      "original": {
        "owner": "yaitskov",
        "repo": "add-dependent-file",
        "type": "github"
      }
    },
    "flake-utils": {
      "inputs": {
        "systems": "systems"
      },
      "locked": {
        "lastModified": 1731533236,
        "narHash": "sha256-l0KFg5HjrsfsO/JpG+r7fRrqm12kzFHyUHqHCVpMMbI=",
        "owner": "numtide",
        "repo": "flake-utils",
        "rev": "11707dc2f618dd54ca8739b309ec4fc024de578b",
        "type": "github"
      },
      "original": {
        "owner": "numtide",
        "repo": "flake-utils",
        "type": "github"
      }
    },
    "miso": {
      "flake": false,
      "locked": {
        "lastModified": 1775595318,
        "narHash": "sha256-YiNX3cFIIiv09OyN+Vz5OdUzhC4KSlMx9oGzvx+I69U=",
        "owner": "dmjio",
        "repo": "miso",
        "rev": "633d07dddc63a1cfb93a2cdb185d6116fdbf574b",
        "type": "github"
      },
      "original": {
        "owner": "dmjio",
        "repo": "miso",
        "type": "github"
      }
    },
    "nixpkgs": {
      "locked": {
        "lastModified": 1770195405,
        "narHash": "sha256-FTUS9GSw4KiOjAOmsarvRhTGEECUVd3NhBfzUytCuhE=",
        "owner": "NixOS",
        "repo": "nixpkgs",
        "rev": "bc16855ba53f3cb6851903a393e7073d1b5911e7",
        "type": "github"
      },
      "original": {
        "owner": "NixOS",
        "repo": "nixpkgs",
        "rev": "bc16855ba53f3cb6851903a393e7073d1b5911e7",
        "type": "github"
      }
    },
    "root": {
      "inputs": {
        "adf": "adf",
        "flake-utils": "flake-utils",
        "miso": "miso",
        "nixpkgs": "nixpkgs",
        "singletons": "singletons",
        "th-desugar": "th-desugar",
        "uphack": "uphack"
      }
    },
    "singletons": {
      "flake": false,
      "locked": {
        "lastModified": 1733921340,
        "narHash": "sha256-A24i/wzVTr7WmnNXJUdo2EPIOc2xm7WWLpARzkZdvj0=",
        "owner": "goldfirere",
        "repo": "singletons",
        "rev": "326e0e9d6490cd6100cc430773296322a883b6a9",
        "type": "github"
      },
      "original": {
        "owner": "goldfirere",
        "ref": "singletons-3.0.4",
        "repo": "singletons",
        "type": "github"
      }
    },
    "systems": {
      "locked": {
        "lastModified": 1681028828,
        "narHash": "sha256-Vy1rq5AaRuLzOxct8nz4T6wlgyUR7zLU309k9mBC768=",
        "owner": "nix-systems",
        "repo": "default",
        "rev": "da67096a3b9bf56a91d16901293e51ba5b49a27e",
        "type": "github"
      },
      "original": {
        "owner": "nix-systems",
        "repo": "default",
        "type": "github"
      }
    },
    "th-desugar": {
      "flake": false,
      "locked": {
        "lastModified": 1733920355,
        "narHash": "sha256-knEmyZx89c5yjwpYgIFSTwTjK6JnUVE9YyOtGXue7dY=",
        "owner": "goldfirere",
        "repo": "th-desugar",
        "rev": "44158f7bb7faa2022795446505217b5e52862da5",
        "type": "github"
      },
      "original": {
        "owner": "goldfirere",
        "ref": "v1.18",
        "repo": "th-desugar",
        "type": "github"
      }
    },
    "uphack": {
      "flake": false,
      "locked": {
        "lastModified": 1757595711,
        "narHash": "sha256-9vOuWhJhPKnHBPZj/+6AJ7E0K2qezec7d8zW42n9j9o=",
        "owner": "yaitskov",
        "repo": "upload-doc-to-hackage",
        "rev": "29d4066f4f8a5a1a194d9b701f9b272dda85c3aa",
        "type": "github"
      },
      "original": {
        "owner": "yaitskov",
        "repo": "upload-doc-to-hackage",
        "type": "github"
      }
    }
  },
  "root": "root",
  "version": 7
}
